
Microsoft Visual Studio Solution File, Format Version 12.00
# Visual Studio Version 16
VisualStudioVersion = 25.0.1706.1
MinimumVisualStudioVersion = 10.0.40219.1
Project("{FAE04EC0-301F-11D3-BF4B-00C04F79EFBC}") = "AspNetMvcApp", "AspNetMvcApp\AspNetMvcApp.csproj", "{22745E9F-0D14-4F56-AECB-DA8B8FFA2C7B}"
EndProject
Global
	GlobalSection(SolutionConfigurationPlatforms) = preSolution
		Debug|Any CPU = Debug|Any CPU
		Release|Any CPU = Release|Any CPU
	EndGlobalSection
	GlobalSection(ProjectConfigurationPlatforms) = postSolution
		{22745E9F-0D14-4F56-AECB-DA8B8FFA2C7B}.Debug|Any CPU.ActiveCfg = Debug|Any CPU
		{22745E9F-0D14-4F56-AECB-DA8B8FFA2C7B}.Debug|Any CPU.Build.0 = Debug|Any CPU
		{22745E9F-0D14-4F56-AECB-DA8B8FFA2C7B}.Release|Any CPU.ActiveCfg = Release|Any CPU
		{22745E9F-0D14-4F56-AECB-DA8B8FFA2C7B}.Release|Any CPU.Build.0 = Release|Any CPU
	EndGlobalSection
	GlobalSection(SolutionProperties) = preSolution
		HideSolutionNode = FALSE
	EndGlobalSection
	GlobalSection(ExtensibilityGlobals) = postSolution
		SolutionGuid = {918ADD32-9B5E-4973-8BA7-A8A4AA120672}
	EndGlobalSection
EndGlobal
